
Microsoft Visual Studio Solution File, Format Version 12.00
# Visual Studio 15
VisualStudioVersion = 15.0.28307.902
MinimumVisualStudioVersion = 10.0.40219.1
Project("{9A19103F-16F7-4668-BE54-9A1E7A4F7556}") = "Recruitment.Business", "Recruitment.Business\Recruitment.Business.csproj", "{9BC0D64C-E42B-4DA3-B496-D076E962E57C}"
EndProject
Project("{9A19103F-16F7-4668-BE54-9A1E7A4F7556}") = "Recruitment.Entity", "Recruitment.Entity\Recruitment.Entity.csproj", "{E8474E8B-5D57-4873-A3B0-9332D8E273A2}"
EndProject
Project("{9A19103F-16F7-4668-BE54-9A1E7A4F7556}") = "Recruitment.EntityService", "Recruitment.EntityService\Recruitment.EntityService.csproj", "{836DC655-20F3-42F3-B828-ECA2900F18DA}"
EndProject
Project("{9A19103F-16F7-4668-BE54-9A1E7A4F7556}") = "Recruitment..BusinessMapping", "Recruithment.BusinessMapping\Recruitment..BusinessMapping.csproj", "{67132E16-6553-4ED7-A7CF-2468FDD241E9}"
EndProject
Project("{9A19103F-16F7-4668-BE54-9A1E7A4F7556}") = "Recruitment.DTOS", "Recruitment.DTOS\Recruitment.DTOS.csproj", "{AE4192F2-8B40-4371-B935-570BB58D822E}"
EndProject
Project("{9A19103F-16F7-4668-BE54-9A1E7A4F7556}") = "Recruitment.Mapping", "Recruitment.Mapping\Recruitment.Mapping.csproj", "{35DED625-050C-4FAE-A40F-43D037DA0B7D}"
EndProject
Project("{9A19103F-16F7-4668-BE54-9A1E7A4F7556}") = "Recruitment.Common", "Recruitment.Common\Recruitment.Common.csproj", "{DBE89179-46C4-4116-8003-0C3D92FC84D3}"
EndProject
Project("{2150E333-8FDC-42A3-9474-1A3956D46DE8}") = "Service", "Service", "{B6587071-8BD9-4208-B329-7F593C0814DD}"
EndProject
Project("{2150E333-8FDC-42A3-9474-1A3956D46DE8}") = "API", "API", "{57AAC9B5-EA2C-4377-B3C6-6F0121031726}"
EndProject
Project("{9A19103F-16F7-4668-BE54-9A1E7A4F7556}") = "AdminAPI", "AdminAPI\AdminAPI.csproj", "{C3896553-248C-482E-90C2-70647AF49D55}"
EndProject
Project("{2150E333-8FDC-42A3-9474-1A3956D46DE8}") = "ConfigureServicesContainer", "ConfigureServicesContainer", "{D6E8F95B-0EEC-4889-A1A7-9F412B0B2FEE}"
EndProject
Project("{9A19103F-16F7-4668-BE54-9A1E7A4F7556}") = "Recruitment.ConfigureServicesContainer", "Recruitment.ConfigureServicesContainer\Recruitment.ConfigureServicesContainer.csproj", "{E9696468-D287-4009-9274-FF889025738A}"
EndProject
Project("{2150E333-8FDC-42A3-9474-1A3956D46DE8}") = "DTOS", "DTOS", "{10CEF91E-3FFC-4F8F-B5D0-D452EC410D55}"
EndProject
Project("{2150E333-8FDC-42A3-9474-1A3956D46DE8}") = "Mapping", "Mapping", "{20C09274-9633-41C8-ACBD-B30BD3C2F68F}"
EndProject
Project("{2150E333-8FDC-42A3-9474-1A3956D46DE8}") = "BusinessMapping", "BusinessMapping", "{511CD6CE-A132-4345-A1E4-7BFB727E91FD}"
EndProject
Project("{2150E333-8FDC-42A3-9474-1A3956D46DE8}") = "Business", "Business", "{3F11330A-43CA-4931-A724-C6CA7A494C82}"
EndProject
Project("{2150E333-8FDC-42A3-9474-1A3956D46DE8}") = "Common", "Common", "{762174A4-A415-4D01-B962-CAB6913A18F6}"
EndProject
Project("{2150E333-8FDC-42A3-9474-1A3956D46DE8}") = "Data", "Data", "{6F535DC8-E1AC-475F-95F8-B580ABF2013B}"
EndProject
Global
	GlobalSection(SolutionConfigurationPlatforms) = preSolution
		Debug|Any CPU = Debug|Any CPU
		Release|Any CPU = Release|Any CPU
	EndGlobalSection
	GlobalSection(ProjectConfigurationPlatforms) = postSolution
		{9BC0D64C-E42B-4DA3-B496-D076E962E57C}.Debug|Any CPU.ActiveCfg = Debug|Any CPU
		{9BC0D64C-E42B-4DA3-B496-D076E962E57C}.Debug|Any CPU.Build.0 = Debug|Any CPU
		{9BC0D64C-E42B-4DA3-B496-D076E962E57C}.Release|Any CPU.ActiveCfg = Release|Any CPU
		{9BC0D64C-E42B-4DA3-B496-D076E962E57C}.Release|Any CPU.Build.0 = Release|Any CPU
		{E8474E8B-5D57-4873-A3B0-9332D8E273A2}.Debug|Any CPU.ActiveCfg = Debug|Any CPU
		{E8474E8B-5D57-4873-A3B0-9332D8E273A2}.Debug|Any CPU.Build.0 = Debug|Any CPU
		{E8474E8B-5D57-4873-A3B0-9332D8E273A2}.Release|Any CPU.ActiveCfg = Release|Any CPU
		{E8474E8B-5D57-4873-A3B0-9332D8E273A2}.Release|Any CPU.Build.0 = Release|Any CPU
		{836DC655-20F3-42F3-B828-ECA2900F18DA}.Debug|Any CPU.ActiveCfg = Debug|Any CPU
		{836DC655-20F3-42F3-B828-ECA2900F18DA}.Debug|Any CPU.Build.0 = Debug|Any CPU
		{836DC655-20F3-42F3-B828-ECA2900F18DA}.Release|Any CPU.ActiveCfg = Release|Any CPU
		{836DC655-20F3-42F3-B828-ECA2900F18DA}.Release|Any CPU.Build.0 = Release|Any CPU
		{67132E16-6553-4ED7-A7CF-2468FDD241E9}.Debug|Any CPU.ActiveCfg = Debug|Any CPU
		{67132E16-6553-4ED7-A7CF-2468FDD241E9}.Debug|Any CPU.Build.0 = Debug|Any CPU
		{67132E16-6553-4ED7-A7CF-2468FDD241E9}.Release|Any CPU.ActiveCfg = Release|Any CPU
		{67132E16-6553-4ED7-A7CF-2468FDD241E9}.Release|Any CPU.Build.0 = Release|Any CPU
		{AE4192F2-8B40-4371-B935-570BB58D822E}.Debug|Any CPU.ActiveCfg = Debug|Any CPU
		{AE4192F2-8B40-4371-B935-570BB58D822E}.Debug|Any CPU.Build.0 = Debug|Any CPU
		{AE4192F2-8B40-4371-B935-570BB58D822E}.Release|Any CPU.ActiveCfg = Release|Any CPU
		{AE4192F2-8B40-4371-B935-570BB58D822E}.Release|Any CPU.Build.0 = Release|Any CPU
		{35DED625-050C-4FAE-A40F-43D037DA0B7D}.Debug|Any CPU.ActiveCfg = Debug|Any CPU
		{35DED625-050C-4FAE-A40F-43D037DA0B7D}.Debug|Any CPU.Build.0 = Debug|Any CPU
		{35DED625-050C-4FAE-A40F-43D037DA0B7D}.Release|Any CPU.ActiveCfg = Release|Any CPU
		{35DED625-050C-4FAE-A40F-43D037DA0B7D}.Release|Any CPU.Build.0 = Release|Any CPU
		{DBE89179-46C4-4116-8003-0C3D92FC84D3}.Debug|Any CPU.ActiveCfg = Debug|Any CPU
		{DBE89179-46C4-4116-8003-0C3D92FC84D3}.Debug|Any CPU.Build.0 = Debug|Any CPU
		{DBE89179-46C4-4116-8003-0C3D92FC84D3}.Release|Any CPU.ActiveCfg = Release|Any CPU
		{DBE89179-46C4-4116-8003-0C3D92FC84D3}.Release|Any CPU.Build.0 = Release|Any CPU
		{C3896553-248C-482E-90C2-70647AF49D55}.Debug|Any CPU.ActiveCfg = Debug|Any CPU
		{C3896553-248C-482E-90C2-70647AF49D55}.Debug|Any CPU.Build.0 = Debug|Any CPU
		{C3896553-248C-482E-90C2-70647AF49D55}.Release|Any CPU.ActiveCfg = Release|Any CPU
		{C3896553-248C-482E-90C2-70647AF49D55}.Release|Any CPU.Build.0 = Release|Any CPU
		{E9696468-D287-4009-9274-FF889025738A}.Debug|Any CPU.ActiveCfg = Debug|Any CPU
		{E9696468-D287-4009-9274-FF889025738A}.Debug|Any CPU.Build.0 = Debug|Any CPU
		{E9696468-D287-4009-9274-FF889025738A}.Release|Any CPU.ActiveCfg = Release|Any CPU
		{E9696468-D287-4009-9274-FF889025738A}.Release|Any CPU.Build.0 = Release|Any CPU
	EndGlobalSection
	GlobalSection(SolutionProperties) = preSolution
		HideSolutionNode = FALSE
	EndGlobalSection
	GlobalSection(NestedProjects) = preSolution
		{9BC0D64C-E42B-4DA3-B496-D076E962E57C} = {3F11330A-43CA-4931-A724-C6CA7A494C82}
		{E8474E8B-5D57-4873-A3B0-9332D8E273A2} = {6F535DC8-E1AC-475F-95F8-B580ABF2013B}
		{836DC655-20F3-42F3-B828-ECA2900F18DA} = {6F535DC8-E1AC-475F-95F8-B580ABF2013B}
		{67132E16-6553-4ED7-A7CF-2468FDD241E9} = {511CD6CE-A132-4345-A1E4-7BFB727E91FD}
		{AE4192F2-8B40-4371-B935-570BB58D822E} = {10CEF91E-3FFC-4F8F-B5D0-D452EC410D55}
		{35DED625-050C-4FAE-A40F-43D037DA0B7D} = {20C09274-9633-41C8-ACBD-B30BD3C2F68F}
		{DBE89179-46C4-4116-8003-0C3D92FC84D3} = {762174A4-A415-4D01-B962-CAB6913A18F6}
		{57AAC9B5-EA2C-4377-B3C6-6F0121031726} = {B6587071-8BD9-4208-B329-7F593C0814DD}
		{C3896553-248C-482E-90C2-70647AF49D55} = {57AAC9B5-EA2C-4377-B3C6-6F0121031726}
		{E9696468-D287-4009-9274-FF889025738A} = {D6E8F95B-0EEC-4889-A1A7-9F412B0B2FEE}
	EndGlobalSection
	GlobalSection(ExtensibilityGlobals) = postSolution
		SolutionGuid = {590CBC76-BAA2-4AE5-A15D-FC68429C5C0C}
	EndGlobalSection
EndGlobal
